git.apache.org/thrift.git v0.13.0 h1:/3bz5WZ+sqYArk7MBBBbDufMxKKOA56/6JO6psDpUDY=
git.apache.org/thrift.git v0.13.0/go.mod h1:fPE2ZNJGynbRyZ4dJvy6G277gSllfV2HJqblrnkyeyg=
github.com/apache/thrift v0.13.0 h1:5hryIiq9gtn+MiLVn0wP37kb/uTeRZgN08WoCsAhIhI=
github.com/apache/thrift v0.13.0/go.mod h1:cp2SuWMxlEZw2r+iP2GNCdIi4C1qmUzdZFSVb+bacwQ=
github.com/bluele/gcache v0.0.0-20190518031135-bc40bd653833 h1:yCfXxYaelOyqnia8F/Yng47qhmfC9nKTRIbYRrRueq4=
github.com/bluele/gcache v0.0.0-20190518031135-bc40bd653833/go.mod h1:8c4/i2VlovMO2gBnHGQPN5EJw+H0lx1u/5p+cgsXtCk=
github.com/elastic/go-elasticsearch/v8 v8.0.0-20201104130540-2e1f801663c6 h1:uCGWBmQ1KXirA0E3+6g9i/hqfHOG6Wl+QVrJEUGvfQc=
github.com/elastic/go-elasticsearch/v8 v8.0.0-20201104130540-2e1f801663c6/go.mod h1:xe9a/L2aeOgFKKgrO3ibQTnMdpAeL0GC+5/HpGScSa4=
github.com/go-telegram-bot-api/telegram-bot-api v4.6.4+incompatible h1:2cauKuaELYAEARXRkq2LrJ0yDDv1rW7+wrTEdVL3uaU=
github.com/go-telegram-bot-api/telegram-bot-api v4.6.4+incompatible/go.mod h1:qf9acutJ8cwBUhm1bqgz6Bei9/C/c93FPDljKWwsOgM=
github.com/rtt/Go-Solr v0.0.0-20190512221613-64fac99dcae2 h1:CYVr4iW4FURmP0OsiAu/X7dKniuf8jVX/Z76bNY8jlA=
github.com/rtt/Go-Solr v0.0.0-20190512221613-64fac99dcae2/go.mod h1:9E3228s3UIv8t8fiQL6XNj0Gsldbk88n/AVMaRnkk5Q=
github.com/technoweenie/multipartstreamer v1.0.1 h1:XRztA5MXiR1TIRHxH2uNxXxaIkKQDeX7m2XsSOlQEnM=
github.com/technoweenie/multipartstreamer v1.0.1/go.mod h1:jNVxdtShOxzAsukZwTSw6MDx5eUJoiEBsSvzDU9uzog=
